{
  "version": 4,
  "terraform_version": "0.15.1",
  "serial": 1,
  "lineage": "adaa0a77-bba4-cc56-4be2-b08379c5e628",
  "outputs": {},
  "resources": [
    {
      "module": "module.bigquery",
      "mode": "managed",
      "type": "google_bigquery_dataset",
      "name": "main",
      "provider": "provider[\"registry.terraform.io/hashicorp/google\"]",
      "instances": [
        {
          "schema_version": 0,
          "attributes": {
            "access": [
              {
                "domain": "",
                "group_by_email": "",
                "role": "OWNER",
                "special_group": "projectOwners",
                "user_by_email": "",
                "view": []
              }
            ],
            "creation_time": 1636574217647,
            "dataset_id": "bigdata",
            "default_encryption_configuration": [],
            "default_partition_expiration_ms": 0,
            "default_table_expiration_ms": 3600000,
            "delete_contents_on_destroy": false,
            "description": "some description",
            "etag": "so+cXG+dTu+6u9rkf2p6jg==",
            "friendly_name": "dbdata",
            "id": "projects/terraform-architecture/datasets/bigdata",
            "labels": null,
            "last_modified_time": 1636574217647,
            "location": "US",
            "project": "terraform-architecture",
            "self_link": "https://bigquery.googleapis.com/bigquery/v2/projects/terraform-architecture/datasets/bigdata",
            "timeouts": null
          },
          "sensitive_attributes": [],
          "private": "eyJlMmJmYjczMC1lY2FhLTExZTYtOGY4OC0zNDM2M2JjN2M0YzAiOnsiY3JlYXRlIjoyNDAwMDAwMDAwMDAsImRlbGV0ZSI6MjQwMDAwMDAwMDAwLCJ1cGRhdGUiOjI0MDAwMDAwMDAwMH19"
        }
      ]
    }
  ]
}
